
Microsoft Visual Studio Solution File, Format Version 12.00
# Visual Studio Version 16
VisualStudioVersion = 16.0.30114.105
MinimumVisualStudioVersion = 10.0.40219.1
Project("{FAE04EC0-301F-11D3-BF4B-00C04F79EFBC}") = "DAL", "DAL\DAL.csproj", "{81C88D9C-2135-4590-A6E6-BDA4B81294C5}"
EndProject
Project("{FAE04EC0-301F-11D3-BF4B-00C04F79EFBC}") = "BLL", "BLL\BLL.csproj", "{4802E550-40E6-418B-AB89-E8CC6BD4D346}"
EndProject
Project("{FAE04EC0-301F-11D3-BF4B-00C04F79EFBC}") = "BerkMusicUI", "BerkMusicUI\BerkMusicUI.csproj", "{46E6459A-D2A4-4A0D-BCFB-3BC0BA8840E9}"
EndProject
Global
	GlobalSection(SolutionConfigurationPlatforms) = preSolution
		Debug|Any CPU = Debug|Any CPU
		Release|Any CPU = Release|Any CPU
	EndGlobalSection
	GlobalSection(ProjectConfigurationPlatforms) = postSolution
		{81C88D9C-2135-4590-A6E6-BDA4B81294C5}.Debug|Any CPU.ActiveCfg = Debug|Any CPU
		{81C88D9C-2135-4590-A6E6-BDA4B81294C5}.Debug|Any CPU.Build.0 = Debug|Any CPU
		{81C88D9C-2135-4590-A6E6-BDA4B81294C5}.Release|Any CPU.ActiveCfg = Release|Any CPU
		{81C88D9C-2135-4590-A6E6-BDA4B81294C5}.Release|Any CPU.Build.0 = Release|Any CPU
		{4802E550-40E6-418B-AB89-E8CC6BD4D346}.Debug|Any CPU.ActiveCfg = Debug|Any CPU
		{4802E550-40E6-418B-AB89-E8CC6BD4D346}.Debug|Any CPU.Build.0 = Debug|Any CPU
		{4802E550-40E6-418B-AB89-E8CC6BD4D346}.Release|Any CPU.ActiveCfg = Release|Any CPU
		{4802E550-40E6-418B-AB89-E8CC6BD4D346}.Release|Any CPU.Build.0 = Release|Any CPU
		{46E6459A-D2A4-4A0D-BCFB-3BC0BA8840E9}.Debug|Any CPU.ActiveCfg = Debug|Any CPU
		{46E6459A-D2A4-4A0D-BCFB-3BC0BA8840E9}.Debug|Any CPU.Build.0 = Debug|Any CPU
		{46E6459A-D2A4-4A0D-BCFB-3BC0BA8840E9}.Release|Any CPU.ActiveCfg = Release|Any CPU
		{46E6459A-D2A4-4A0D-BCFB-3BC0BA8840E9}.Release|Any CPU.Build.0 = Release|Any CPU
	EndGlobalSection
	GlobalSection(SolutionProperties) = preSolution
		HideSolutionNode = FALSE
	EndGlobalSection
	GlobalSection(ExtensibilityGlobals) = postSolution
		SolutionGuid = {83ECF5CB-D14F-41A4-8C76-D3E18DF6FE3D}
	EndGlobalSection
EndGlobal
